// !$*UTF8*$!
{
	archiveVersion = 1;
	classes = {
	};
	objectVersion = 46;
	objects = {

/* Begin PBXBuildFile section */
		ADD5E8A61DAC954900BBC88B /* AppDelegate.swift in Sources */ = {isa = PBXBuildFile; fileRef = ADD5E8A51DAC954900BBC88B /* AppDelegate.swift */; };
		ADD5E8A81DAC954900BBC88B /* MainPageVC.swift in Sources */ = {isa = PBXBuildFile; fileRef = ADD5E8A71DAC954900BBC88B /* MainPageVC.swift */; };
		ADD5E8AB1DAC954900BBC88B /* Main.storyboard in Resources */ = {isa = PBXBuildFile; fileRef = ADD5E8A91DAC954900BBC88B /* Main.storyboard */; };
		ADD5E8AD1DAC954900BBC88B /* Assets.xcassets in Resources */ = {isa = PBXBuildFile; fileRef = ADD5E8AC1DAC954900BBC88B /* Assets.xcassets */; };
		ADD5E8B01DAC954900BBC88B /* LaunchScreen.storyboard in Resources */ = {isa = PBXBuildFile; fileRef = ADD5E8AE1DAC954900BBC88B /* LaunchScreen.storyboard */; };
		ADD5E8B81DADB89000BBC88B /* MusicListVC.swift in Sources */ = {isa = PBXBuildFile; fileRef = ADD5E8B71DADB89000BBC88B /* MusicListVC.swift */; };
		ADD5E8BA1DADD2A600BBC88B /* PlaySongVC.swift in Sources */ = {isa = PBXBuildFile; fileRef = ADD5E8B91DADD2A600BBC88B /* PlaySongVC.swift */; };
/* End PBXBuildFile section */

/* Begin PBXFileReference section */
		ADD5E8A21DAC954900BBC88B /* SegueDemo.app */ = {isa = PBXFileReference; explicitFileType = wrapper.application; includeInIndex = 0; path = SegueDemo.app; sourceTree = BUILT_PRODUCTS_DIR; };
		ADD5E8A51DAC954900BBC88B /* AppDelegate.swift */ = {isa = PBXFileReference; lastKnownFileType = sourcecode.swift; path = AppDelegate.swift; sourceTree = "<group>"; };
		ADD5E8A71DAC954900BBC88B /* MainPageVC.swift */ = {isa = PBXFileReference; lastKnownFileType = sourcecode.swift; path = MainPageVC.swift; sourceTree = "<group>"; };
		ADD5E8AA1DAC954900BBC88B /* Base */ = {isa = PBXFileReference; lastKnownFileType = file.storyboard; name = Base; path = Base.lproj/Main.storyboard; sourceTree = "<group>"; };
		ADD5E8AC1DAC954900BBC88B /* Assets.xcassets */ = {isa = PBXFileReference; lastKnownFileType = folder.assetcatalog; path = Assets.xcassets; sourceTree = "<group>"; };
		ADD5E8AF1DAC954900BBC88B /* Base */ = {isa = PBXFileReference; lastKnownFileType = file.storyboard; name = Base; path = Base.lproj/LaunchScreen.storyboard; sourceTree = "<group>"; };
		ADD5E8B11DAC954900BBC88B /* Info.plist */ = {isa = PBXFileReference; lastKnownFileType = text.plist.xml; path = Info.plist; sourceTree = "<group>"; };
		ADD5E8B71DADB89000BBC88B /* MusicListVC.swift */ = {isa = PBXFileReference; fileEncoding = 4; lastKnownFileType = sourcecode.swift; path = MusicListVC.swift; sourceTree = "<group>"; };
		ADD5E8B91DADD2A600BBC88B /* PlaySongVC.swift */ = {isa = PBXFileReference; fileEncoding = 4; lastKnownFileType = sourcecode.swift; path = PlaySongVC.swift; sourceTree = "<group>"; };
/* End PBXFileReference section */

/* Begin PBXFrameworksBuildPhase section */
		ADD5E89F1DAC954900BBC88B /* Frameworks */ = {
			isa = PBXFrameworksBuildPhase;
			buildActionMask = 2147483647;
			files = (
			);
			runOnlyForDeploymentPostprocessing = 0;
		};
/* End PBXFrameworksBuildPhase section */

/* Begin PBXGroup section */
		ADD5E8991DAC954900BBC88B = {
			isa = PBXGroup;
			children = (
				ADD5E8A41DAC954900BBC88B /* SegueDemo */,
				ADD5E8A31DAC954900BBC88B /* Products */,
			);
			sourceTree = "<group>";
		};
		ADD5E8A31DAC954900BBC88B /* Products */ = {
			isa = PBXGroup;
			children = (
				ADD5E8A21DAC954900BBC88B /* SegueDemo.app */,
			);
			name = Products;
			sourceTree = "<group>";
		};
		ADD5E8A41DAC954900BBC88B /* SegueDemo */ = {
			isa = PBXGroup;
			children = (
				ADD5E8A51DAC954900BBC88B /* AppDelegate.swift */,
				ADD5E8A71DAC954900BBC88B /* MainPageVC.swift */,
				ADD5E8A91DAC954900BBC88B /* Main.storyboard */,
				ADD5E8AC1DAC954900BBC88B /* Assets.xcassets */,
				ADD5E8AE1DAC954900BBC88B /* LaunchScreen.storyboard */,
				ADD5E8B11DAC954900BBC88B /* Info.plist */,
				ADD5E8B71DADB89000BBC88B /* MusicListVC.swift */,
				ADD5E8B91DADD2A600BBC88B /* PlaySongVC.swift */,
			);
			path = SegueDemo;
			sourceTree = "<group>";
		};
/* End PBXGroup section */

/* Begin PBXNativeTarget section */
		ADD5E8A11DAC954900BBC88B /* SegueDemo */ = {
			isa = PBXNativeTarget;
			buildConfigurationList = ADD5E8B41DAC954900BBC88B /* Build configuration list for PBXNativeTarget "SegueDemo" */;
			buildPhases = (
				ADD5E89E1DAC954900BBC88B /* Sources */,
				ADD5E89F1DAC954900BBC88B /* Frameworks */,
				ADD5E8A01DAC954900BBC88B /* Resources */,
			);
			buildRules = (
			);
			dependencies = (
			);
			name = SegueDemo;
			productName = SegueDemo;
			productReference = ADD5E8A21DAC954900BBC88B /* SegueDemo.app */;
			productType = "com.apple.product-type.application";
		};
/* End PBXNativeTarget section */

/* Begin PBXProject section */
		ADD5E89A1DAC954900BBC88B /* Project object */ = {
			isa = PBXProject;
			attributes = {
				LastSwiftUpdateCheck = 0800;
				LastUpgradeCheck = 0800;
				ORGANIZATIONNAME = derek;
				TargetAttributes = {
					ADD5E8A11DAC954900BBC88B = {
						CreatedOnToolsVersion = 8.0;
						ProvisioningStyle = Automatic;
					};
				};
			};
			buildConfigurationList = ADD5E89D1DAC954900BBC88B /* Build configuration list for PBXProject "SegueDemo" */;
			compatibilityVersion = "Xcode 3.2";
			developmentRegion = English;
			hasScannedForEncodings = 0;
			knownRegions = (
				en,
				Base,
			);
			mainGroup = ADD5E8991DAC954900BBC88B;
			productRefGroup = ADD5E8A31DAC954900BBC88B /* Products */;
			projectDirPath = "";
			projectRoot = "";
			targets = (
				ADD5E8A11DAC954900BBC88B /* SegueDemo */,
			);
		};
/* End PBXProject section */

/* Begin PBXResourcesBuildPhase section */
		ADD5E8A01DAC954900BBC88B /* Resources */ = {
			isa = PBXResourcesBuildPhase;
			buildActionMask = 2147483647;
			files = (
				ADD5E8B01DAC954900BBC88B /* LaunchScreen.storyboard in Resources */,
				ADD5E8AD1DAC954900BBC88B /* Assets.xcassets in Resources */,
				ADD5E8AB1DAC954900BBC88B /* Main.storyboard in Resources */,
			);
			runOnlyForDeploymentPostprocessing = 0;
		};
/* End PBXResourcesBuildPhase section */

/* Begin PBXSourcesBuildPhase section */
		ADD5E89E1DAC954900BBC88B /* Sources */ = {
			isa = PBXSourcesBuildPhase;
			buildActionMask = 2147483647;
			files = (
				ADD5E8B81DADB89000BBC88B /* MusicListVC.swift in Sources */,
				ADD5E8BA1DADD2A600BBC88B /* PlaySongVC.swift in Sources */,
				ADD5E8A81DAC954900BBC88B /* MainPageVC.swift in Sources */,
				ADD5E8A61DAC954900BBC88B /* AppDelegate.swift in Sources */,
			);
			runOnlyForDeploymentPostprocessing = 0;
		};
/* End PBXSourcesBuildPhase section */

/* Begin PBXVariantGroup section */
		ADD5E8A91DAC954900BBC88B /* Main.storyboard */ = {
			isa = PBXVariantGroup;
			children = (
				ADD5E8AA1DAC954900BBC88B /* Base */,
			);
			name = Main.storyboard;
			sourceTree = "<group>";
		};
		ADD5E8AE1DAC954900BBC88B /* LaunchScreen.storyboard */ = {
			isa = PBXVariantGroup;
			children = (
				ADD5E8AF1DAC954900BBC88B /* Base */,
			);
			name = LaunchScreen.storyboard;
			sourceTree = "<group>";
		};
/* End PBXVariantGroup section */

/* Begin XCBuildConfiguration section */
		ADD5E8B21DAC954900BBC88B /* Debug */ = {
			isa = XCBuildConfiguration;
			buildSettings = {
				ALWAYS_SEARCH_USER_PATHS = NO;
				CLANG_ANALYZER_NONNULL = YES;
				CLANG_CXX_LANGUAGE_STANDARD = "gnu++0x";
				CLANG_CXX_LIBRARY = "libc++";
				CLANG_ENABLE_MODULES = YES;
				CLANG_ENABLE_OBJC_ARC = YES;
				CLANG_WARN_BOOL_CONVERSION = YES;
				CLANG_WARN_CONSTANT_CONVERSION = YES;
				CLANG_WARN_DIRECT_OBJC_ISA_USAGE = YES_ERROR;
				CLANG_WARN_DOCUMENTATION_COMMENTS = YES;
				CLANG_WARN_EMPTY_BODY = YES;
				CLANG_WARN_ENUM_CONVERSION = YES;
				CLANG_WARN_INFINITE_RECURSION = YES;
				CLANG_WARN_INT_CONVERSION = YES;
				CLANG_WARN_OBJC_ROOT_CLASS = YES_ERROR;
				CLANG_WARN_SUSPICIOUS_MOVES = YES;
				CLANG_WARN_UNREACHABLE_CODE = YES;
				CLANG_WARN__DUPLICATE_METHOD_MATCH = YES;
				"CODE_SIGN_IDENTITY[sdk=iphoneos*]" = "iPhone Developer";
				COPY_PHASE_STRIP = NO;
				DEBUG_INFORMATION_FORMAT = dwarf;
				ENABLE_STRICT_OBJC_MSGSEND = YES;
				ENABLE_TESTABILITY = YES;
				GCC_C_LANGUAGE_STANDARD = gnu99;
				GCC_DYNAMIC_NO_PIC = NO;
				GCC_NO_COMMON_BLOCKS = YES;
				GCC_OPTIMIZATION_LEVEL = 0;
				GCC_PREPROCESSOR_DEFINITIONS = (
					"DEBUG=1",
					"$(inherited)",
				);
				GCC_WARN_64_TO_32_BIT_CONVERSION = YES;
				GCC_WARN_ABOUT_RETURN_TYPE = YES_ERROR;
				GCC_WARN_UNDECLARED_SELECTOR = YES;
				GCC_WARN_UNINITIALIZED_AUTOS = YES_AGGRESSIVE;
				GCC_WARN_UNUSED_FUNCTION = YES;
				GCC_WARN_UNUSED_VARIABLE = YES;
				IPHONEOS_DEPLOYMENT_TARGET = 10.0;
				MTL_ENABLE_DEBUG_INFO = YES;
				ONLY_ACTIVE_ARCH = YES;
				SDKROOT = iphoneos;
				SWIFT_ACTIVE_COMPILATION_CONDITIONS = DEBUG;
				SWIFT_OPTIMIZATION_LEVEL = "-Onone";
				TARGETED_DEVICE_FAMILY = "1,2";
			};
			name = Debug;
		};
		ADD5E8B31DAC954900BBC88B /* Release */ = {
			isa = XCBuildConfiguration;
			buildSettings = {
				ALWAYS_SEARCH_USER_PATHS = NO;
				CLANG_ANALYZER_NONNULL = YES;
				CLANG_CXX_LANGUAGE_STANDARD = "gnu++0x";
				CLANG_CXX_LIBRARY = "libc++";
				CLANG_ENABLE_MODULES = YES;
				CLANG_ENABLE_OBJC_ARC = YES;
				CLANG_WARN_BOOL_CONVERSION = YES;
				CLANG_WARN_CONSTANT_CONVERSION = YES;
				CLANG_WARN_DIRECT_OBJC_ISA_USAGE = YES_ERROR;
				CLANG_WARN_DOCUMENTATION_COMMENTS = YES;
				CLANG_WARN_EMPTY_BODY = YES;
				CLANG_WARN_ENUM_CONVERSION = YES;
				CLANG_WARN_INFINITE_RECURSION = YES;
				CLANG_WARN_INT_CONVERSION = YES;
				CLANG_WARN_OBJC_ROOT_CLASS = YES_ERROR;
				CLANG_WARN_SUSPICIOUS_MOVES = YES;
				CLANG_WARN_UNREACHABLE_CODE = YES;
				CLANG_WARN__DUPLICATE_METHOD_MATCH = YES;
				"CODE_SIGN_IDENTITY[sdk=iphoneos*]" = "iPhone Developer";
				COPY_PHASE_STRIP = NO;
				DEBUG_INFORMATION_FORMAT = "dwarf-with-dsym";
				ENABLE_NS_ASSERTIONS = NO;
				ENABLE_STRICT_OBJC_MSGSEND = YES;
				GCC_C_LANGUAGE_STANDARD = gnu99;
				GCC_NO_COMMON_BLOCKS = YES;
				GCC_WARN_64_TO_32_BIT_CONVERSION = YES;
				GCC_WARN_ABOUT_RETURN_TYPE = YES_ERROR;
				GCC_WARN_UNDECLARED_SELECTOR = YES;
				GCC_WARN_UNINITIALIZED_AUTOS = YES_AGGRESSIVE;
				GCC_WARN_UNUSED_FUNCTION = YES;
				GCC_WARN_UNUSED_VARIABLE = YES;
				IPHONEOS_DEPLOYMENT_TARGET = 10.0;
				MTL_ENABLE_DEBUG_INFO = NO;
				SDKROOT = iphoneos;
				SWIFT_OPTIMIZATION_LEVEL = "-Owholemodule";
				TARGETED_DEVICE_FAMILY = "1,2";
				VALIDATE_PRODUCT = YES;
			};
			name = Release;
		};
		ADD5E8B51DAC954900BBC88B /* Debug */ = {
			isa = XCBuildConfiguration;
			buildSettings = {
				ASSETCATALOG_COMPILER_APPICON_NAME = AppIcon;
				INFOPLIST_FILE = SegueDemo/Info.plist;
				LD_RUNPATH_SEARCH_PATHS = "$(inherited) @executable_path/Frameworks";
				PRODUCT_BUNDLE_IDENTIFIER = com.derek.SegueDemo;
				PRODUCT_NAME = "$(TARGET_NAME)";
				SWIFT_VERSION = 3.0;
			};
			name = Debug;
		};
		ADD5E8B61DAC954900BBC88B /* Release */ = {
			isa = XCBuildConfiguration;
			buildSettings = {
				ASSETCATALOG_COMPILER_APPICON_NAME = AppIcon;
				INFOPLIST_FILE = SegueDemo/Info.plist;
				LD_RUNPATH_SEARCH_PATHS = "$(inherited) @executable_path/Frameworks";
				PRODUCT_BUNDLE_IDENTIFIER = com.derek.SegueDemo;
				PRODUCT_NAME = "$(TARGET_NAME)";
				SWIFT_VERSION = 3.0;
			};
			name = Release;
		};
/* End XCBuildConfiguration section */

/* Begin XCConfigurationList section */
		ADD5E89D1DAC954900BBC88B /* Build configuration list for PBXProject "SegueDemo" */ = {
			isa = XCConfigurationList;
			buildConfigurations = (
				ADD5E8B21DAC954900BBC88B /* Debug */,
				ADD5E8B31DAC954900BBC88B /* Release */,
			);
			defaultConfigurationIsVisible = 0;
			defaultConfigurationName = Release;
		};
		ADD5E8B41DAC954900BBC88B /* Build configuration list for PBXNativeTarget "SegueDemo" */ = {
			isa = XCConfigurationList;
			buildConfigurations = (
				ADD5E8B51DAC954900BBC88B /* Debug */,
				ADD5E8B61DAC954900BBC88B /* Release */,
			);
			defaultConfigurationIsVisible = 0;
		};
/* End XCConfigurationList section */
	};
	rootObject = ADD5E89A1DAC954900BBC88B /* Project object */;
}
